# This file is automatically @generated by Poetry 2.4.0 and should not be changed by hand.

[[package]]
name = "asn1"
version = "3.2.0"
description = "Python-ASN1 is a simple ASN.1 encoder and decoder for Python 2.7+ and 3.5+."
optional = false
python-versions = "*"
groups = ["main"]
files = [
    {file = "asn1-3.2.0-py2.py3-none-any.whl", hash = "sha256:3c1788508d49f4f101c3c6b842b5a6d0fc9f68e2782e891d41af19bf321fedbb"},
    {file = "asn1-3.2.0.tar.gz", hash = "sha256:0860ad40bbffd6475d2d54b82f50d9196e31b7cee985812ed9559b40e7d809c7"},
]

[package.dependencies]
enum-compat = "*"

[[package]]
name = "binpatch"
version = "1.1.3"
description = "Binary diff and patch lib"
optional = false
python-versions = ">=3.12"
groups = ["main"]
files = []
develop = false

[package.source]
type = "git"
url = "https://github.com/merculous/pybinpatch.git"
reference = "HEAD"
resolved_reference = "4b4ef6671d45521376d9227bd2a4a6d4fa7f5cf6"

[[package]]
name = "enum-compat"
version = "0.0.3"
description = "enum/enum34 compatibility package"
optional = false
python-versions = "*"
groups = ["main"]
files = [
    {file = "enum-compat-0.0.3.tar.gz", hash = "sha256:3677daabed56a6f724451d585662253d8fb4e5569845aafa8bb0da36b1a8751e"},
    {file = "enum_compat-0.0.3-py3-none-any.whl", hash = "sha256:88091b617c7fc3bbbceae50db5958023c48dc40b50520005aa3bf27f8f7ea157"},
]

[[package]]
name = "pycryptodome"
version = "3.23.0"
description = "Cryptographic library for Python"
optional = false
python-versions = "!=3.0.*,!=3.1.*,!=3.2.*,!=3.3.*,!=3.4.*,!=3.5.*,!=3.6.*,>=2.7"
groups = ["main"]
files = [
    {file = "pycryptodome-3.23.0-cp27-cp27m-macosx_10_9_x86_64.whl", hash = "sha256:a176b79c49af27d7f6c12e4b178b0824626f40a7b9fed08f712291b6d54bf566"},
    {file = "pycryptodome-3.23.0-cp27-cp27m-manylinux2010_i686.whl", hash = "sha256:573a0b3017e06f2cffd27d92ef22e46aa3be87a2d317a5abf7cc0e84e321bd75"},
    {file = "pycryptodome-3.23.0-cp27-cp27m-manylinux2010_x86_64.whl", hash = "sha256:63dad881b99ca653302b2c7191998dd677226222a3f2ea79999aa51ce695f720"},
    {file = "pycryptodome-3.23.0-cp27-cp27m-win32.whl", hash = "sha256:b34e8e11d97889df57166eda1e1ddd7676da5fcd4d71a0062a760e75060514b4"},
    {file = "pycryptodome-3.23.0-cp27-cp27mu-manylinux2010_i686.whl", hash = "sha256:7ac1080a8da569bde76c0a104589c4f414b8ba296c0b3738cf39a466a9fb1818"},
    {file = "pycryptodome-3.23.0-cp27-cp27mu-manylinux2010_x86_64.whl", hash = "sha256:6fe8258e2039eceb74dfec66b3672552b6b7d2c235b2dfecc05d16b8921649a8"},
    {file = "pycryptodome-3.23.0-cp313-cp313t-macosx_10_13_universal2.whl", hash = "sha256:0011f7f00cdb74879142011f95133274741778abba114ceca229adbf8e62c3e4"},
    {file = "pycryptodome-3.23.0-cp313-cp313t-macosx_10_13_x86_64.whl", hash = "sha256:90460fc9e088ce095f9ee8356722d4f10f86e5be06e2354230a9880b9c549aae"},
    {file = "pycryptodome-3.23.0-cp313-cp313t-manylinux_2_17_aarch64.manylinux2014_aarch64.whl", hash = "sha256:4764e64b269fc83b00f682c47443c2e6e85b18273712b98aa43bcb77f8570477"},
    {file = "pycryptodome-3.23.0-cp313-cp313t-manylinux_2_17_x86_64.manylinux2014_x86_64.whl", hash = "sha256:eb8f24adb74984aa0e5d07a2368ad95276cf38051fe2dc6605cbcf482e04f2a7"},
    {file = "pycryptodome-3.23.0-cp313-cp313t-manylinux_2_5_i686.manylinux1_i686.manylinux_2_17_i686.manylinux2014_i686.whl", hash = "sha256:d97618c9c6684a97ef7637ba43bdf6663a2e2e77efe0f863cce97a76af396446"},
    {file = "pycryptodome-3.23.0-cp313-cp313t-musllinux_1_2_aarch64.whl", hash = "sha256:9a53a4fe5cb075075d515797d6ce2f56772ea7e6a1e5e4b96cf78a14bac3d265"},
    {file = "pycryptodome-3.23.0-cp313-cp313t-musllinux_1_2_i686.whl", hash = "sha256:763d1d74f56f031788e5d307029caef067febf890cd1f8bf61183ae142f1a77b"},
    {file = "pycryptodome-3.23.0-cp313-cp313t-musllinux_1_2_x86_64.whl", hash = "sha256:954af0e2bd7cea83ce72243b14e4fb518b18f0c1649b576d114973e2073b273d"},
    {file = "pycryptodome-3.23.0-cp313-cp313t-win32.whl", hash = "sha256:257bb3572c63ad8ba40b89f6fc9d63a2a628e9f9708d31ee26560925ebe0210a"},
    {file = "pycryptodome-3.23.0-cp313-cp313t-win_amd64.whl", hash = "sha256:6501790c5b62a29fcb227bd6b62012181d886a767ce9ed03b303d1f22eb5c625"},
    {file = "pycryptodome-3.23.0-cp313-cp313t-win_arm64.whl", hash = "sha256:9a77627a330ab23ca43b48b130e202582e91cc69619947840ea4d2d1be21eb39"},
    {file = "pycryptodome-3.23.0-cp37-abi3-macosx_10_9_universal2.whl", hash = "sha256:187058ab80b3281b1de11c2e6842a357a1f71b42cb1e15bce373f3d238135c27"},
    {file = "pycryptodome-3.23.0-cp37-abi3-macosx_10_9_x86_64.whl", hash = "sha256:cfb5cd445280c5b0a4e6187a7ce8de5a07b5f3f897f235caa11f1f435f182843"},
    {file = "pycryptodome-3.23.0-cp37-abi3-manylinux_2_17_aarch64.manylinux2014_aarch64.whl", hash = "sha256:67bd81fcbe34f43ad9422ee8fd4843c8e7198dd88dd3d40e6de42ee65fbe1490"},
    {file = "pycryptodome-3.23.0-cp37-abi3-manylinux_2_17_x86_64.manylinux2014_x86_64.whl", hash = "sha256:c8987bd3307a39bc03df5c8e0e3d8be0c4c3518b7f044b0f4c15d1aa78f52575"},
    {file = "pycryptodome-3.23.0-cp37-abi3-manylinux_2_5_i686.manylinux1_i686.manylinux_2_17_i686.manylinux2014_i686.whl", hash = "sha256:aa0698f65e5b570426fc31b8162ed4603b0c2841cbb9088e2b01641e3065915b"},
    {file = "pycryptodome-3.23.0-cp37-abi3-musllinux_1_2_aarch64.whl", hash = "sha256:53ecbafc2b55353edcebd64bf5da94a2a2cdf5090a6915bcca6eca6cc452585a"},
    {file = "pycryptodome-3.23.0-cp37-abi3-musllinux_1_2_i686.whl", hash = "sha256:156df9667ad9f2ad26255926524e1c136d6664b741547deb0a86a9acf5ea631f"},
    {file = "pycryptodome-3.23.0-cp37-abi3-musllinux_1_2_x86_64.whl", hash = "sha256:dea827b4d55ee390dc89b2afe5927d4308a8b538ae91d9c6f7a5090f397af1aa"},
    {file = "pycryptodome-3.23.0-cp37-abi3-win32.whl", hash = "sha256:507dbead45474b62b2bbe318eb1c4c8ee641077532067fec9c1aa82c31f84886"},
    {file = "pycryptodome-3.23.0-cp37-abi3-win_amd64.whl", hash = "sha256:c75b52aacc6c0c260f204cbdd834f76edc9fb0d8e0da9fbf8352ef58202564e2"},
    {file = "pycryptodome-3.23.0-cp37-abi3-win_arm64.whl", hash = "sha256:11eeeb6917903876f134b56ba11abe95c0b0fd5e3330def218083c7d98bbcb3c"},
    {file = "pycryptodome-3.23.0-pp27-pypy_73-manylinux2010_x86_64.whl", hash = "sha256:350ebc1eba1da729b35ab7627a833a1a355ee4e852d8ba0447fafe7b14504d56"},
    {file = "pycryptodome-3.23.0-pp27-pypy_73-win32.whl", hash = "sha256:93837e379a3e5fd2bb00302a47aee9fdf7940d83595be3915752c74033d17ca7"},
    {file = "pycryptodome-3.23.0-pp310-pypy310_pp73-macosx_10_15_x86_64.whl", hash = "sha256:ddb95b49df036ddd264a0ad246d1be5b672000f12d6961ea2c267083a5e19379"},
    {file = "pycryptodome-3.23.0-pp310-pypy310_pp73-manylinux_2_17_aarch64.manylinux2014_aarch64.whl", hash = "sha256:d8e95564beb8782abfd9e431c974e14563a794a4944c29d6d3b7b5ea042110b4"},
    {file = "pycryptodome-3.23.0-pp310-pypy310_pp73-manylinux_2_17_x86_64.manylinux2014_x86_64.whl", hash = "sha256:14e15c081e912c4b0d75632acd8382dfce45b258667aa3c67caf7a4d4c13f630"},
    {file = "pycryptodome-3.23.0-pp310-pypy310_pp73-manylinux_2_5_i686.manylinux1_i686.manylinux_2_17_i686.manylinux2014_i686.whl", hash = "sha256:a7fc76bf273353dc7e5207d172b83f569540fc9a28d63171061c42e361d22353"},
    {file = "pycryptodome-3.23.0-pp310-pypy310_pp73-win_amd64.whl", hash = "sha256:45c69ad715ca1a94f778215a11e66b7ff989d792a4d63b68dc586a1da1392ff5"},
    {file = "pycryptodome-3.23.0-pp39-pypy39_pp73-macosx_10_15_x86_64.whl", hash = "sha256:865d83c906b0fc6a59b510deceee656b6bc1c4fa0d82176e2b77e97a420a996a"},
    {file = "pycryptodome-3.23.0-pp39-pypy39_pp73-manylinux_2_17_aarch64.manylinux2014_aarch64.whl", hash = "sha256:89d4d56153efc4d81defe8b65fd0821ef8b2d5ddf8ed19df31ba2f00872b8002"},
    {file = "pycryptodome-3.23.0-pp39-pypy39_pp73-manylinux_2_17_x86_64.manylinux2014_x86_64.whl", hash = "sha256:e3f2d0aaf8080bda0587d58fc9fe4766e012441e2eed4269a77de6aea981c8be"},
    {file = "pycryptodome-3.23.0-pp39-pypy39_pp73-manylinux_2_5_i686.manylinux1_i686.manylinux_2_17_i686.manylinux2014_i686.whl", hash = "sha256:64093fc334c1eccfd3933c134c4457c34eaca235eeae49d69449dc4728079339"},
    {file = "pycryptodome-3.23.0-pp39-pypy39_pp73-win_amd64.whl", hash = "sha256:ce64e84a962b63a47a592690bdc16a7eaf709d2c2697ababf24a0def566899a6"},
    {file = "pycryptodome-3.23.0.tar.gz", hash = "sha256:447700a657182d60338bab09fdb27518f8856aecd80ae4c6bdddb67ff5da44ef"},
]

[[package]]
name = "pylzss"
version = "0.3.8"
description = "A Python library for decoding/encoding LZSS-compressed data."
optional = false
python-versions = ">=3.8"
groups = ["main"]
files = []
develop = false

[package.source]
type = "git"
url = "https://github.com/m1stadev/pylzss.git"
reference = "HEAD"
resolved_reference = "7b3ea72d0cd0767625679cdff555f5a9e9b5cadd"

[metadata]
lock-version = "2.1"
python-versions = ">=3.12"
content-hash = "1be3aecc569036230a995f0f24ea17f416fb44d35e6e35e15e99bf171f930c13"
