# This file is automatically @generated by Poetry 1.8.2 and should not be changed by hand.

[[package]]
name = "asn1"
version = "2.7.0"
description = "Python-ASN1 is a simple ASN.1 encoder and decoder for Python 2.7+ and 3.5+."
optional = false
python-versions = "*"
files = [
    {file = "asn1-2.7.0-py2.py3-none-any.whl", hash = "sha256:feb01dee1f485ecc1b1c0b66762196baaad22c0e1c89861159413b28393fba33"},
    {file = "asn1-2.7.0.tar.gz", hash = "sha256:44c0fc3d28c6a926e4d4959ffbc1bccf37faf4dca07520ba2e9b1b5b36fe0bda"},
]

[package.dependencies]
enum-compat = "*"

[[package]]
name = "enum-compat"
version = "0.0.3"
description = "enum/enum34 compatibility package"
optional = false
python-versions = "*"
files = [
    {file = "enum-compat-0.0.3.tar.gz", hash = "sha256:3677daabed56a6f724451d585662253d8fb4e5569845aafa8bb0da36b1a8751e"},
    {file = "enum_compat-0.0.3-py3-none-any.whl", hash = "sha256:88091b617c7fc3bbbceae50db5958023c48dc40b50520005aa3bf27f8f7ea157"},
]

[[package]]
name = "pycryptodome"
version = "3.20.0"
description = "Cryptographic library for Python"
optional = false
python-versions = ">=2.7, !=3.0.*, !=3.1.*, !=3.2.*, !=3.3.*, !=3.4.*"
files = [
    {file = "pycryptodome-3.20.0-cp27-cp27m-macosx_10_9_x86_64.whl", hash = "sha256:f0e6d631bae3f231d3634f91ae4da7a960f7ff87f2865b2d2b831af1dfb04e9a"},
    {file = "pycryptodome-3.20.0-cp27-cp27m-manylinux2010_i686.whl", hash = "sha256:baee115a9ba6c5d2709a1e88ffe62b73ecc044852a925dcb67713a288c4ec70f"},
    {file = "pycryptodome-3.20.0-cp27-cp27m-manylinux2010_x86_64.whl", hash = "sha256:417a276aaa9cb3be91f9014e9d18d10e840a7a9b9a9be64a42f553c5b50b4d1d"},
    {file = "pycryptodome-3.20.0-cp27-cp27m-manylinux_2_17_aarch64.manylinux2014_aarch64.whl", hash = "sha256:2a1250b7ea809f752b68e3e6f3fd946b5939a52eaeea18c73bdab53e9ba3c2dd"},
    {file = "pycryptodome-3.20.0-cp27-cp27m-musllinux_1_1_aarch64.whl", hash = "sha256:d5954acfe9e00bc83ed9f5cb082ed22c592fbbef86dc48b907238be64ead5c33"},
    {file = "pycryptodome-3.20.0-cp27-cp27m-win32.whl", hash = "sha256:06d6de87c19f967f03b4cf9b34e538ef46e99a337e9a61a77dbe44b2cbcf0690"},
    {file = "pycryptodome-3.20.0-cp27-cp27m-win_amd64.whl", hash = "sha256:ec0bb1188c1d13426039af8ffcb4dbe3aad1d7680c35a62d8eaf2a529b5d3d4f"},
    {file = "pycryptodome-3.20.0-cp27-cp27mu-manylinux2010_i686.whl", hash = "sha256:5601c934c498cd267640b57569e73793cb9a83506f7c73a8ec57a516f5b0b091"},
    {file = "pycryptodome-3.20.0-cp27-cp27mu-manylinux2010_x86_64.whl", hash = "sha256:d29daa681517f4bc318cd8a23af87e1f2a7bad2fe361e8aa29c77d652a065de4"},
    {file = "pycryptodome-3.20.0-cp27-cp27mu-manylinux_2_17_aarch64.manylinux2014_aarch64.whl", hash = "sha256:3427d9e5310af6680678f4cce149f54e0bb4af60101c7f2c16fdf878b39ccccc"},
    {file = "pycryptodome-3.20.0-cp27-cp27mu-musllinux_1_1_aarch64.whl", hash = "sha256:3cd3ef3aee1079ae44afaeee13393cf68b1058f70576b11439483e34f93cf818"},
    {file = "pycryptodome-3.20.0-cp35-abi3-macosx_10_9_universal2.whl", hash = "sha256:ac1c7c0624a862f2e53438a15c9259d1655325fc2ec4392e66dc46cdae24d044"},
    {file = "pycryptodome-3.20.0-cp35-abi3-macosx_10_9_x86_64.whl", hash = "sha256:76658f0d942051d12a9bd08ca1b6b34fd762a8ee4240984f7c06ddfb55eaf15a"},
    {file = "pycryptodome-3.20.0-cp35-abi3-manylinux_2_17_aarch64.manylinux2014_aarch64.whl", hash = "sha256:f35d6cee81fa145333137009d9c8ba90951d7d77b67c79cbe5f03c7eb74d8fe2"},
    {file = "pycryptodome-3.20.0-cp35-abi3-manylinux_2_17_x86_64.manylinux2014_x86_64.whl", hash = "sha256:76cb39afede7055127e35a444c1c041d2e8d2f1f9c121ecef573757ba4cd2c3c"},
    {file = "pycryptodome-3.20.0-cp35-abi3-manylinux_2_5_i686.manylinux1_i686.manylinux_2_17_i686.manylinux2014_i686.whl", hash = "sha256:49a4c4dc60b78ec41d2afa392491d788c2e06edf48580fbfb0dd0f828af49d25"},
    {file = "pycryptodome-3.20.0-cp35-abi3-musllinux_1_1_aarch64.whl", hash = "sha256:fb3b87461fa35afa19c971b0a2b7456a7b1db7b4eba9a8424666104925b78128"},
    {file = "pycryptodome-3.20.0-cp35-abi3-musllinux_1_1_i686.whl", hash = "sha256:acc2614e2e5346a4a4eab6e199203034924313626f9620b7b4b38e9ad74b7e0c"},
    {file = "pycryptodome-3.20.0-cp35-abi3-musllinux_1_1_x86_64.whl", hash = "sha256:210ba1b647837bfc42dd5a813cdecb5b86193ae11a3f5d972b9a0ae2c7e9e4b4"},
    {file = "pycryptodome-3.20.0-cp35-abi3-win32.whl", hash = "sha256:8d6b98d0d83d21fb757a182d52940d028564efe8147baa9ce0f38d057104ae72"},
    {file = "pycryptodome-3.20.0-cp35-abi3-win_amd64.whl", hash = "sha256:9b3ae153c89a480a0ec402e23db8d8d84a3833b65fa4b15b81b83be9d637aab9"},
    {file = "pycryptodome-3.20.0-pp27-pypy_73-manylinux2010_x86_64.whl", hash = "sha256:4401564ebf37dfde45d096974c7a159b52eeabd9969135f0426907db367a652a"},
    {file = "pycryptodome-3.20.0-pp27-pypy_73-win32.whl", hash = "sha256:ec1f93feb3bb93380ab0ebf8b859e8e5678c0f010d2d78367cf6bc30bfeb148e"},
    {file = "pycryptodome-3.20.0-pp310-pypy310_pp73-macosx_10_9_x86_64.whl", hash = "sha256:acae12b9ede49f38eb0ef76fdec2df2e94aad85ae46ec85be3648a57f0a7db04"},
    {file = "pycryptodome-3.20.0-pp310-pypy310_pp73-manylinux_2_17_x86_64.manylinux2014_x86_64.whl", hash = "sha256:f47888542a0633baff535a04726948e876bf1ed880fddb7c10a736fa99146ab3"},
    {file = "pycryptodome-3.20.0-pp310-pypy310_pp73-manylinux_2_5_i686.manylinux1_i686.manylinux_2_17_i686.manylinux2014_i686.whl", hash = "sha256:6e0e4a987d38cfc2e71b4a1b591bae4891eeabe5fa0f56154f576e26287bfdea"},
    {file = "pycryptodome-3.20.0-pp310-pypy310_pp73-win_amd64.whl", hash = "sha256:c18b381553638414b38705f07d1ef0a7cf301bc78a5f9bc17a957eb19446834b"},
    {file = "pycryptodome-3.20.0-pp39-pypy39_pp73-macosx_10_9_x86_64.whl", hash = "sha256:a60fedd2b37b4cb11ccb5d0399efe26db9e0dd149016c1cc6c8161974ceac2d6"},
    {file = "pycryptodome-3.20.0-pp39-pypy39_pp73-manylinux_2_17_x86_64.manylinux2014_x86_64.whl", hash = "sha256:405002eafad114a2f9a930f5db65feef7b53c4784495dd8758069b89baf68eab"},
    {file = "pycryptodome-3.20.0-pp39-pypy39_pp73-manylinux_2_5_i686.manylinux1_i686.manylinux_2_17_i686.manylinux2014_i686.whl", hash = "sha256:2ab6ab0cb755154ad14e507d1df72de9897e99fd2d4922851a276ccc14f4f1a5"},
    {file = "pycryptodome-3.20.0-pp39-pypy39_pp73-win_amd64.whl", hash = "sha256:acf6e43fa75aca2d33e93409f2dafe386fe051818ee79ee8a3e21de9caa2ac9e"},
    {file = "pycryptodome-3.20.0.tar.gz", hash = "sha256:09609209ed7de61c2b560cc5c8c4fbf892f8b15b1faf7e4cbffac97db1fffda7"},
]

[[package]]
name = "pylzss"
version = "0.3.8"
description = "A Python library for decoding/encoding LZSS-compressed data."
optional = false
python-versions = ">=3.8"
files = [
    {file = "pylzss-0.3.8-cp310-cp310-macosx_10_9_x86_64.whl", hash = "sha256:a27f23ab550476b6b94d9ed39c4a3aa7f6144ed49478f9b77a5d20072d28b1a9"},
    {file = "pylzss-0.3.8-cp310-cp310-macosx_11_0_arm64.whl", hash = "sha256:726d040c63be38f11fb19c0bf3329f109bf1c5d210b7a5f847d9af4c2bd10443"},
    {file = "pylzss-0.3.8-cp310-cp310-manylinux_2_17_aarch64.manylinux2014_aarch64.whl", hash = "sha256:6700798d0761d798eb089c8d555cdeb112065c6a7565b5dd1a44cfa3483000bf"},
    {file = "pylzss-0.3.8-cp310-cp310-manylinux_2_5_i686.manylinux1_i686.manylinux_2_17_i686.manylinux2014_i686.whl", hash = "sha256:e43c1c516732921168733bf21706f699af2554be366040085a0f26133bde16e9"},
    {file = "pylzss-0.3.8-cp310-cp310-manylinux_2_5_x86_64.manylinux1_x86_64.manylinux_2_17_x86_64.manylinux2014_x86_64.whl", hash = "sha256:c08f2ca829543eaad73034897374f244ee644e7c4a87b31f59cdefe5b5a8f5ca"},
    {file = "pylzss-0.3.8-cp310-cp310-musllinux_1_1_aarch64.whl", hash = "sha256:325a570cced967a76c8bb805a1fa71dd72cab1d0a1e8aff33a66ddbce9830f3f"},
    {file = "pylzss-0.3.8-cp310-cp310-musllinux_1_1_i686.whl", hash = "sha256:17fc9de15ad2fd85c21de62b1bc55e38156438d6cadcb916805970a202c868fb"},
    {file = "pylzss-0.3.8-cp310-cp310-musllinux_1_1_x86_64.whl", hash = "sha256:31105517318cf1f596f13d367da088706b61eab000b12fe55455ee50ceeba0e3"},
    {file = "pylzss-0.3.8-cp310-cp310-win32.whl", hash = "sha256:711c99b4e045daa854dabd7822d6dff8a8ca0b33a5232ea8a9555e31b9d401cb"},
    {file = "pylzss-0.3.8-cp310-cp310-win_amd64.whl", hash = "sha256:967e6845780512e3b4eabc411a61a469da50f32f93c83a0db021c4037861690a"},
    {file = "pylzss-0.3.8-cp311-cp311-macosx_10_9_x86_64.whl", hash = "sha256:a6c4848902b403335e81ef6159be37c7349b634548b03e039bdc23dc9f9d214a"},
    {file = "pylzss-0.3.8-cp311-cp311-macosx_11_0_arm64.whl", hash = "sha256:a5360d0abfab086d85ba26a1a3f1af61bfc730e3798bc291db4ef24fa01658f6"},
    {file = "pylzss-0.3.8-cp311-cp311-manylinux_2_17_aarch64.manylinux2014_aarch64.whl", hash = "sha256:cd4ab6c79d11e27dc1ec978f298271f815d927f7ed159f3ce9bf321331fa227b"},
    {file = "pylzss-0.3.8-cp311-cp311-manylinux_2_5_i686.manylinux1_i686.manylinux_2_17_i686.manylinux2014_i686.whl", hash = "sha256:d6387d77425f5fcbcee5f6acf96efcd147b7b37c3c72d2acaf53e7f71ca79135"},
    {file = "pylzss-0.3.8-cp311-cp311-manylinux_2_5_x86_64.manylinux1_x86_64.manylinux_2_17_x86_64.manylinux2014_x86_64.whl", hash = "sha256:f51baa11bd50dfc9a3678d49d30aaf5fbb187755d004ed0779b5bbbf6ff9790c"},
    {file = "pylzss-0.3.8-cp311-cp311-musllinux_1_1_aarch64.whl", hash = "sha256:41c6464889c2a41d577cdbea4835d2b878933c647a0caf1eba9481ee27295d29"},
    {file = "pylzss-0.3.8-cp311-cp311-musllinux_1_1_i686.whl", hash = "sha256:bdd41074031b8df1c50a79a12c81af176fa36a5aaf65b4a0479f076c672c1d99"},
    {file = "pylzss-0.3.8-cp311-cp311-musllinux_1_1_x86_64.whl", hash = "sha256:dbca42760e0788b653d4156b87dd370f2efbd285040289d0b557e99cd2d574b9"},
    {file = "pylzss-0.3.8-cp311-cp311-win32.whl", hash = "sha256:c359b2302d832bd8d3410d95569f2f9df0600185614b06e7ef72ac2fe435932c"},
    {file = "pylzss-0.3.8-cp311-cp311-win_amd64.whl", hash = "sha256:ab9d20b77d817db60945718e3e77e798c8b5e01f55aaf529df5fa40677cfada9"},
    {file = "pylzss-0.3.8-cp312-cp312-macosx_10_9_x86_64.whl", hash = "sha256:2641be4e726bda63e79c5220f8600d55fccdc6ff4121a45e7026e34eda49bc7a"},
    {file = "pylzss-0.3.8-cp312-cp312-macosx_11_0_arm64.whl", hash = "sha256:cc0b91c67fb2d35f1b72bd191a01c54dec891d733bc6983d888cc157db90df23"},
    {file = "pylzss-0.3.8-cp312-cp312-manylinux_2_17_aarch64.manylinux2014_aarch64.whl", hash = "sha256:885039a681514d400cb56ba756eb8b24325d6a346a630621407d603e3bcad3ce"},
    {file = "pylzss-0.3.8-cp312-cp312-manylinux_2_5_i686.manylinux1_i686.manylinux_2_17_i686.manylinux2014_i686.whl", hash = "sha256:f804b955124296361e14ec0a833b624f5cc37d133a37f3eaa7dcdf6c4ec307ae"},
    {file = "pylzss-0.3.8-cp312-cp312-manylinux_2_5_x86_64.manylinux1_x86_64.manylinux_2_17_x86_64.manylinux2014_x86_64.whl", hash = "sha256:6237cd20abe2c03bd7d49d89b67f2fccec7e16ef45fc8a729340cd3a53d1b26c"},
    {file = "pylzss-0.3.8-cp312-cp312-musllinux_1_1_aarch64.whl", hash = "sha256:b7ba7ac0bc385b318c90c1912aa10ceb5156d8b1a008198bf9ee3d0243922dbd"},
    {file = "pylzss-0.3.8-cp312-cp312-musllinux_1_1_i686.whl", hash = "sha256:480c4db46d2eb4ec88acf558216e6d2ec55273c6cf10f302360fba451b16d5ca"},
    {file = "pylzss-0.3.8-cp312-cp312-musllinux_1_1_x86_64.whl", hash = "sha256:aca0ce500695993f48a5583d6012fac81b2c8856927da3c5c4ba67667c85e3e6"},
    {file = "pylzss-0.3.8-cp312-cp312-win32.whl", hash = "sha256:1a05f6686c4c863eccb4b9550bfb95cdc4fcf174dcb4ea9e006028b0a85910d1"},
    {file = "pylzss-0.3.8-cp312-cp312-win_amd64.whl", hash = "sha256:fd6d87602e40cc7ed64780330ff547946bc8291167baaf9793aeb1617db388c3"},
    {file = "pylzss-0.3.8-cp38-cp38-macosx_10_9_x86_64.whl", hash = "sha256:5b7f62324827c56ecfa95aa4af2f96883e26632beed9f3656456356ec179f7d6"},
    {file = "pylzss-0.3.8-cp38-cp38-macosx_11_0_arm64.whl", hash = "sha256:465f8a2dd82f610abb1e9a35426fb5a17228c5fc7f48a1be94241a41d413af6a"},
    {file = "pylzss-0.3.8-cp38-cp38-manylinux_2_17_aarch64.manylinux2014_aarch64.whl", hash = "sha256:8d8ea9323ac2e7b73fa6de51962653d610dbc16a417567a0c6d974a84995748a"},
    {file = "pylzss-0.3.8-cp38-cp38-manylinux_2_5_i686.manylinux1_i686.manylinux_2_17_i686.manylinux2014_i686.whl", hash = "sha256:182cc967bdb00a10f4e7e68d44d52029889ea94f66c99fae0404186507285f17"},
    {file = "pylzss-0.3.8-cp38-cp38-manylinux_2_5_x86_64.manylinux1_x86_64.manylinux_2_17_x86_64.manylinux2014_x86_64.whl", hash = "sha256:46c8ff65161274b9b56dfc06e9a06992fda003a8fefd96c284c6f8bc8f99264d"},
    {file = "pylzss-0.3.8-cp38-cp38-musllinux_1_1_aarch64.whl", hash = "sha256:35c39af8e255ddbf2ccde378a772ea486e5d804b02e5c064f0940b1ccf530b1d"},
    {file = "pylzss-0.3.8-cp38-cp38-musllinux_1_1_i686.whl", hash = "sha256:97ae1a8881030e35286a233f2da074a7ce1675b1d13071efa1dd009b695628dd"},
    {file = "pylzss-0.3.8-cp38-cp38-musllinux_1_1_x86_64.whl", hash = "sha256:2461bc3552e81bec86719425b277f7318d742d0dad60455ea622be4ae099ab66"},
    {file = "pylzss-0.3.8-cp38-cp38-win32.whl", hash = "sha256:d594e49a6d8390d7fee001b0a0d8f9b3646d42e800783ee3d18fa0da73b8cb44"},
    {file = "pylzss-0.3.8-cp38-cp38-win_amd64.whl", hash = "sha256:4a561d929328bd346b241cbde3392d34436db8ccd9a32437acaf5d33ca9cfca0"},
    {file = "pylzss-0.3.8-cp39-cp39-macosx_10_9_x86_64.whl", hash = "sha256:ce8439ae69fa9167a560cf74df869cbaa75d317e00f00a16bb68fa9b03cb6e07"},
    {file = "pylzss-0.3.8-cp39-cp39-macosx_11_0_arm64.whl", hash = "sha256:f336f736b5be10b2ec59f603cff7ab23bab43019d9a84b1391c4ef9686de436f"},
    {file = "pylzss-0.3.8-cp39-cp39-manylinux_2_17_aarch64.manylinux2014_aarch64.whl", hash = "sha256:08d129a1fa369bea4a02d6764dc8df2164d43889f15ad26b5ebe82046336b466"},
    {file = "pylzss-0.3.8-cp39-cp39-manylinux_2_5_i686.manylinux1_i686.manylinux_2_17_i686.manylinux2014_i686.whl", hash = "sha256:97f891057f8e98383e05bf1b72824ba0ccd69db0f43595a86fd49fb0cf98ba99"},
    {file = "pylzss-0.3.8-cp39-cp39-manylinux_2_5_x86_64.manylinux1_x86_64.manylinux_2_17_x86_64.manylinux2014_x86_64.whl", hash = "sha256:eb0c2fd02e62d84e7fd6ba0087bee91edd612ac7f32df109121cee9edc361cc4"},
    {file = "pylzss-0.3.8-cp39-cp39-musllinux_1_1_aarch64.whl", hash = "sha256:a47a6e8bf17a779f3fe3a0ce17d224cb61f23da96376ca047f17854ad1da2f62"},
    {file = "pylzss-0.3.8-cp39-cp39-musllinux_1_1_i686.whl", hash = "sha256:e6c1f6df2b422f2881513378ea82f2cb73b4b8d2dd54dc4ce433d011814d2887"},
    {file = "pylzss-0.3.8-cp39-cp39-musllinux_1_1_x86_64.whl", hash = "sha256:878948bb48ebdb253e4b100962172f414242ed70ee32c62797040d664969f9fd"},
    {file = "pylzss-0.3.8-cp39-cp39-win32.whl", hash = "sha256:9b9ae1836e6f7cb5b7fd9dc41c67d5164b57f99a090ff42cf3176ca6dd60a5f8"},
    {file = "pylzss-0.3.8-cp39-cp39-win_amd64.whl", hash = "sha256:4c0aab59adb937cb13d945a77ea1729d11b8834bee3221ebce482feab999a6fa"},
    {file = "pylzss-0.3.8-pp310-pypy310_pp73-macosx_10_9_x86_64.whl", hash = "sha256:ef7a6fb293a070645f797300d501e5fadb346950f067ae52d7d90b591d8aacc1"},
    {file = "pylzss-0.3.8-pp310-pypy310_pp73-macosx_11_0_arm64.whl", hash = "sha256:c582a2ca8a79778c30936e59c6aec7ed4b0c72806130cad3f882e626e5470176"},
    {file = "pylzss-0.3.8-pp310-pypy310_pp73-manylinux_2_17_aarch64.manylinux2014_aarch64.whl", hash = "sha256:b48e2f17fb6dd1e243f7d8b21ca15d2538e5ef544dada2041c97c47f1f6f6872"},
    {file = "pylzss-0.3.8-pp310-pypy310_pp73-manylinux_2_5_i686.manylinux1_i686.manylinux_2_17_i686.manylinux2014_i686.whl", hash = "sha256:f190c52ae7ad15d4cd5d4891279faafcc147a7a05bd9b730503bb2925c89f8a7"},
    {file = "pylzss-0.3.8-pp310-pypy310_pp73-manylinux_2_5_x86_64.manylinux1_x86_64.manylinux_2_17_x86_64.manylinux2014_x86_64.whl", hash = "sha256:4ef5bd24ca6937f76808ed15ce96fd16f7facf9f7c9c1c3a25ef2516a034f796"},
    {file = "pylzss-0.3.8-pp310-pypy310_pp73-win_amd64.whl", hash = "sha256:ec6358358970723a49355045cc227c6b7722d554830d2a82aebbb7f163942ec9"},
    {file = "pylzss-0.3.8-pp38-pypy38_pp73-macosx_10_9_x86_64.whl", hash = "sha256:18a6e36302a63b4d8e6fb2483e2054010a03ead202e021b70229ec62387f5ab5"},
    {file = "pylzss-0.3.8-pp38-pypy38_pp73-macosx_11_0_arm64.whl", hash = "sha256:3cd9e68e3c8ad95d7182e936480faabe9a5ea35c113445457ff564e8c3ea0940"},
    {file = "pylzss-0.3.8-pp38-pypy38_pp73-manylinux_2_17_aarch64.manylinux2014_aarch64.whl", hash = "sha256:1c9e7c286268892aa594cdbf620dc4d03b492c8716847fb3ae10a4763b8a162a"},
    {file = "pylzss-0.3.8-pp38-pypy38_pp73-manylinux_2_5_i686.manylinux1_i686.manylinux_2_17_i686.manylinux2014_i686.whl", hash = "sha256:c31dc4c3be1e87458df7b31f7b020f1eb2c22830ccb06bbc11c8753b242e2528"},
    {file = "pylzss-0.3.8-pp38-pypy38_pp73-manylinux_2_5_x86_64.manylinux1_x86_64.manylinux_2_17_x86_64.manylinux2014_x86_64.whl", hash = "sha256:df9ace5f890f291b16098b7f71f36abdb6325f70c6080e708e63ea69e8158c29"},
    {file = "pylzss-0.3.8-pp38-pypy38_pp73-win_amd64.whl", hash = "sha256:6c7b49e932b784348c37a298aadfd6424524bc247de51dfa4392ae3986e7db66"},
    {file = "pylzss-0.3.8-pp39-pypy39_pp73-macosx_10_9_x86_64.whl", hash = "sha256:960f2ae9743fdad4dc595177d9e745e73510ad5ce75d6f05f9083f670694370d"},
    {file = "pylzss-0.3.8-pp39-pypy39_pp73-macosx_11_0_arm64.whl", hash = "sha256:12b46b727670b9f0e785137017cc316681177f486222e9698f9157cade068d30"},
    {file = "pylzss-0.3.8-pp39-pypy39_pp73-manylinux_2_17_aarch64.manylinux2014_aarch64.whl", hash = "sha256:ff8594e02925921fb4e34cbf07964306d16ad1b5fc8f20ca6400214efef83a94"},
    {file = "pylzss-0.3.8-pp39-pypy39_pp73-manylinux_2_5_i686.manylinux1_i686.manylinux_2_17_i686.manylinux2014_i686.whl", hash = "sha256:c4b3dfc4e355dd65a3cb65566c04caa292ea8da7eb5ec2c8a1ba59d2c3c2f7e8"},
    {file = "pylzss-0.3.8-pp39-pypy39_pp73-manylinux_2_5_x86_64.manylinux1_x86_64.manylinux_2_17_x86_64.manylinux2014_x86_64.whl", hash = "sha256:b453fd1c8b3a5f9b39fb993dbd70076b1a269b55685a0f97420c72a7f22dfebb"},
    {file = "pylzss-0.3.8-pp39-pypy39_pp73-win_amd64.whl", hash = "sha256:aa2c6e6772f131a9e5137c1c90cd249e4e6c888fdc4c20d50808fd0324b02005"},
    {file = "pylzss-0.3.8.tar.gz", hash = "sha256:ff87bd93265fa2cda5532554d7df19d0e49c86850503407c2e2603eda0d01d48"},
]

[metadata]
lock-version = "2.0"
python-versions = "^3.11"
content-hash = "568b9e57840c386bd86b2cce419af1bc0b3acd2cbbefad66f6dc60fee25aa757"
